
Microsoft Visual Studio Solution File, Format Version 12.00
# Visual Studio Version 16
VisualStudioVersion = 16.0.809.0
MinimumVisualStudioVersion = 10.0.40219.1
Project("{FAE04EC0-301F-11D3-BF4B-00C04F79EFBC}") = "KRAssignment2", "KRAssignment2\KRAssignment2.csproj", "{308F9F13-E906-4748-9814-E23D0A33590D}"
EndProject
Project("{FAE04EC0-301F-11D3-BF4B-00C04F79EFBC}") = "TestProject", "TestProject\TestProject.csproj", "{8E62F5D0-A4A7-4FA6-A6DE-1905D5590BAC}"
EndProject
Global
	GlobalSection(SolutionConfigurationPlatforms) = preSolution
		Debug|Any CPU = Debug|Any CPU
		Release|Any CPU = Release|Any CPU
	EndGlobalSection
	GlobalSection(ProjectConfigurationPlatforms) = postSolution
		{308F9F13-E906-4748-9814-E23D0A33590D}.Debug|Any CPU.ActiveCfg = Debug|Any CPU
		{308F9F13-E906-4748-9814-E23D0A33590D}.Debug|Any CPU.Build.0 = Debug|Any CPU
		{308F9F13-E906-4748-9814-E23D0A33590D}.Release|Any CPU.ActiveCfg = Release|Any CPU
		{308F9F13-E906-4748-9814-E23D0A33590D}.Release|Any CPU.Build.0 = Release|Any CPU
		{8E62F5D0-A4A7-4FA6-A6DE-1905D5590BAC}.Debug|Any CPU.ActiveCfg = Debug|Any CPU
		{8E62F5D0-A4A7-4FA6-A6DE-1905D5590BAC}.Debug|Any CPU.Build.0 = Debug|Any CPU
		{8E62F5D0-A4A7-4FA6-A6DE-1905D5590BAC}.Release|Any CPU.ActiveCfg = Release|Any CPU
		{8E62F5D0-A4A7-4FA6-A6DE-1905D5590BAC}.Release|Any CPU.Build.0 = Release|Any CPU
	EndGlobalSection
	GlobalSection(SolutionProperties) = preSolution
		HideSolutionNode = FALSE
	EndGlobalSection
	GlobalSection(ExtensibilityGlobals) = postSolution
		SolutionGuid = {E3B9AB10-D4AA-41AB-8413-5B3983B6AB97}
	EndGlobalSection
EndGlobal
